
Microsoft Visual Studio Solution File, Format Version 12.00
# Visual Studio 2012
VisualStudioVersion = 12.0.21005.1
MinimumVisualStudioVersion = 10.0.40219.1
Project("{FAE04EC0-301F-11D3-BF4B-00C04F79EFBC}") = "FreezingArcher", "Engine\FreezingArcher.csproj", "{E430674D-98AB-474A-BC42-A6DDE78623C7}"
EndProject
Project("{FAE04EC0-301F-11D3-BF4B-00C04F79EFBC}") = "Game", "Game\Game.csproj", "{DAD798AA-F43A-4470-A081-28EF938A21D3}"
EndProject
Project("{FAE04EC0-301F-11D3-BF4B-00C04F79EFBC}") = "PostProcessor", "PostProcessor\PostProcessor.csproj", "{F2D91778-AD1F-4433-A451-2016B873064B}"
EndProject
Project("{FAE04EC0-301F-11D3-BF4B-00C04F79EFBC}") = "Pencil.Gaming", "Pencil.Gaming\Pencil.Gaming\Pencil.Gaming.csproj", "{DDB6DB6D-E5DE-4BDB-8AC8-26DF800E9FF0}"
EndProject
Project("{FAE04EC0-301F-11D3-BF4B-00C04F79EFBC}") = "Math", "Math\Math.csproj", "{6EA025BA-DB6F-40AA-B970-069A104D2659}"
EndProject
Project("{FAE04EC0-301F-11D3-BF4B-00C04F79EFBC}") = "AssimpNet", "assimp\AssimpNet\AssimpNet.csproj", "{3415FF29-C0BE-44FC-AD34-94796118E690}"
EndProject
Project("{FAE04EC0-301F-11D3-BF4B-00C04F79EFBC}") = "Jitter", "Jitter\Jitter.csproj", "{AA03EF1A-94F7-4D30-AB14-2092863FF923}"
EndProject
Global
	GlobalSection(SolutionConfigurationPlatforms) = preSolution
		Debug|x86 = Debug|x86
		DebugWindows|x86 = DebugWindows|x86
		Release|x86 = Release|x86
		ReleaseWindows|x86 = ReleaseWindows|x86
	EndGlobalSection
	GlobalSection(ProjectConfigurationPlatforms) = postSolution
		{3415FF29-C0BE-44FC-AD34-94796118E690}.Debug|x86.ActiveCfg = Debug|Any CPU
		{3415FF29-C0BE-44FC-AD34-94796118E690}.Debug|x86.Build.0 = Debug|Any CPU
		{3415FF29-C0BE-44FC-AD34-94796118E690}.DebugWindows|x86.ActiveCfg = DebugWindows|Any CPU
		{3415FF29-C0BE-44FC-AD34-94796118E690}.DebugWindows|x86.Build.0 = DebugWindows|Any CPU
		{3415FF29-C0BE-44FC-AD34-94796118E690}.Release|x86.ActiveCfg = Release|Any CPU
		{3415FF29-C0BE-44FC-AD34-94796118E690}.Release|x86.Build.0 = Release|Any CPU
		{3415FF29-C0BE-44FC-AD34-94796118E690}.ReleaseWindows|x86.ActiveCfg = ReleaseWindows|Any CPU
		{3415FF29-C0BE-44FC-AD34-94796118E690}.ReleaseWindows|x86.Build.0 = ReleaseWindows|Any CPU
		{6EA025BA-DB6F-40AA-B970-069A104D2659}.Debug|x86.ActiveCfg = Debug|Any CPU
		{6EA025BA-DB6F-40AA-B970-069A104D2659}.Debug|x86.Build.0 = Debug|Any CPU
		{6EA025BA-DB6F-40AA-B970-069A104D2659}.DebugWindows|x86.ActiveCfg = Debug|Any CPU
		{6EA025BA-DB6F-40AA-B970-069A104D2659}.DebugWindows|x86.Build.0 = Debug|Any CPU
		{6EA025BA-DB6F-40AA-B970-069A104D2659}.Release|x86.ActiveCfg = Release|Any CPU
		{6EA025BA-DB6F-40AA-B970-069A104D2659}.Release|x86.Build.0 = Release|Any CPU
		{6EA025BA-DB6F-40AA-B970-069A104D2659}.ReleaseWindows|x86.ActiveCfg = Release|Any CPU
		{6EA025BA-DB6F-40AA-B970-069A104D2659}.ReleaseWindows|x86.Build.0 = Release|Any CPU
		{AA03EF1A-94F7-4D30-AB14-2092863FF923}.Debug|x86.ActiveCfg = Debug|Any CPU
		{AA03EF1A-94F7-4D30-AB14-2092863FF923}.Debug|x86.Build.0 = Debug|Any CPU
		{AA03EF1A-94F7-4D30-AB14-2092863FF923}.DebugWindows|x86.ActiveCfg = Debug|Any CPU
		{AA03EF1A-94F7-4D30-AB14-2092863FF923}.DebugWindows|x86.Build.0 = Debug|Any CPU
		{AA03EF1A-94F7-4D30-AB14-2092863FF923}.Release|x86.ActiveCfg = Release|Any CPU
		{AA03EF1A-94F7-4D30-AB14-2092863FF923}.Release|x86.Build.0 = Release|Any CPU
		{AA03EF1A-94F7-4D30-AB14-2092863FF923}.ReleaseWindows|x86.ActiveCfg = Release|Any CPU
		{AA03EF1A-94F7-4D30-AB14-2092863FF923}.ReleaseWindows|x86.Build.0 = Release|Any CPU
		{DAD798AA-F43A-4470-A081-28EF938A21D3}.Debug|x86.ActiveCfg = Debug|x86
		{DAD798AA-F43A-4470-A081-28EF938A21D3}.Debug|x86.Build.0 = Debug|x86
		{DAD798AA-F43A-4470-A081-28EF938A21D3}.DebugWindows|x86.ActiveCfg = DebugWindows|x86
		{DAD798AA-F43A-4470-A081-28EF938A21D3}.DebugWindows|x86.Build.0 = DebugWindows|x86
		{DAD798AA-F43A-4470-A081-28EF938A21D3}.Release|x86.ActiveCfg = Release|x86
		{DAD798AA-F43A-4470-A081-28EF938A21D3}.Release|x86.Build.0 = Release|x86
		{DAD798AA-F43A-4470-A081-28EF938A21D3}.ReleaseWindows|x86.ActiveCfg = ReleaseWindows|x86
		{DAD798AA-F43A-4470-A081-28EF938A21D3}.ReleaseWindows|x86.Build.0 = ReleaseWindows|x86
		{DDB6DB6D-E5DE-4BDB-8AC8-26DF800E9FF0}.Debug|x86.ActiveCfg = Debug|x86
		{DDB6DB6D-E5DE-4BDB-8AC8-26DF800E9FF0}.Debug|x86.Build.0 = Debug|x86
		{DDB6DB6D-E5DE-4BDB-8AC8-26DF800E9FF0}.DebugWindows|x86.ActiveCfg = DebugWindows|x86
		{DDB6DB6D-E5DE-4BDB-8AC8-26DF800E9FF0}.DebugWindows|x86.Build.0 = DebugWindows|x86
		{DDB6DB6D-E5DE-4BDB-8AC8-26DF800E9FF0}.Release|x86.ActiveCfg = Release|x86
		{DDB6DB6D-E5DE-4BDB-8AC8-26DF800E9FF0}.Release|x86.Build.0 = Release|x86
		{DDB6DB6D-E5DE-4BDB-8AC8-26DF800E9FF0}.ReleaseWindows|x86.ActiveCfg = ReleaseWindows|x86
		{DDB6DB6D-E5DE-4BDB-8AC8-26DF800E9FF0}.ReleaseWindows|x86.Build.0 = ReleaseWindows|x86
		{E430674D-98AB-474A-BC42-A6DDE78623C7}.Debug|x86.ActiveCfg = Debug|x86
		{E430674D-98AB-474A-BC42-A6DDE78623C7}.Debug|x86.Build.0 = Debug|x86
		{E430674D-98AB-474A-BC42-A6DDE78623C7}.DebugWindows|x86.ActiveCfg = DebugWindows|x86
		{E430674D-98AB-474A-BC42-A6DDE78623C7}.DebugWindows|x86.Build.0 = DebugWindows|x86
		{E430674D-98AB-474A-BC42-A6DDE78623C7}.Release|x86.ActiveCfg = Release|x86
		{E430674D-98AB-474A-BC42-A6DDE78623C7}.Release|x86.Build.0 = Release|x86
		{E430674D-98AB-474A-BC42-A6DDE78623C7}.ReleaseWindows|x86.ActiveCfg = ReleaseWindows|x86
		{E430674D-98AB-474A-BC42-A6DDE78623C7}.ReleaseWindows|x86.Build.0 = ReleaseWindows|x86
		{F2D91778-AD1F-4433-A451-2016B873064B}.Debug|x86.ActiveCfg = Debug|x86
		{F2D91778-AD1F-4433-A451-2016B873064B}.Debug|x86.Build.0 = Debug|x86
		{F2D91778-AD1F-4433-A451-2016B873064B}.DebugWindows|x86.ActiveCfg = Debug|x86
		{F2D91778-AD1F-4433-A451-2016B873064B}.DebugWindows|x86.Build.0 = Debug|x86
		{F2D91778-AD1F-4433-A451-2016B873064B}.Release|x86.ActiveCfg = Release|x86
		{F2D91778-AD1F-4433-A451-2016B873064B}.Release|x86.Build.0 = Release|x86
		{F2D91778-AD1F-4433-A451-2016B873064B}.ReleaseWindows|x86.ActiveCfg = Release|x86
		{F2D91778-AD1F-4433-A451-2016B873064B}.ReleaseWindows|x86.Build.0 = Release|x86
	EndGlobalSection
	GlobalSection(MonoDevelopProperties) = preSolution
		Policies = $0
		$0.TextStylePolicy = $1
		$1.FileWidth = 120
		$1.TabsToSpaces = False
		$1.inheritsSet = VisualStudio
		$1.inheritsScope = text/plain
		$0.StandardHeader = $2
		$2.Text = @\n ${FileName}\n \n Author:\n      ${AuthorName} <${AuthorEmail}>\n\n Copyright (c) ${Year} ${CopyrightHolder}\n\n This program is free software; you can redistribute it and/or modify\n it under the terms of the GNU General Public License as published by\n the Free Software Foundation; either version 2 of the License, or\n (at your option) any later version.\n\n This program is distributed in the hope that it will be useful,\n but WITHOUT ANY WARRANTY; without even the implied warranty of\n MERCHANTABILITY or FITNESS FOR A PARTICULAR PURPOSE. See the\n GNU General Public License for more details.\n \n You should have received a copy of the GNU General Public License\n along with this program; if not, write to the Free Software\n Foundation, Inc., 59 Temple Place, Suite 330, Boston, MA 02111-1307 USA\n
		$2.IncludeInNewFiles = True
		$0.TextStylePolicy = $3
		$3.FileWidth = 120
		$3.TabWidth = 8
		$3.inheritsSet = VisualStudio
		$3.inheritsScope = text/plain
		$3.scope = text/plain
		$0.NameConventionPolicy = $4
		$4.Rules = $5
		$5.NamingRule = $6
		$6.Name = Namespaces
		$6.AffectedEntity = Namespace
		$6.VisibilityMask = VisibilityMask
		$6.NamingStyle = PascalCase
		$6.IncludeInstanceMembers = True
		$6.IncludeStaticEntities = True
		$5.NamingRule = $7
		$7.Name = Types
		$7.AffectedEntity = Class, Struct, Enum, Delegate
		$7.VisibilityMask = Public
		$7.NamingStyle = PascalCase
		$7.IncludeInstanceMembers = True
		$7.IncludeStaticEntities = True
		$5.NamingRule = $8
		$8.Name = Interfaces
		$8.RequiredPrefixes = $9
		$9.String = I
		$8.AffectedEntity = Interface
		$8.VisibilityMask = Public
		$8.NamingStyle = PascalCase
		$8.IncludeInstanceMembers = True
		$8.IncludeStaticEntities = True
		$5.NamingRule = $10
		$10.Name = Attributes
		$10.RequiredSuffixes = $11
		$11.String = Attribute
		$10.AffectedEntity = CustomAttributes
		$10.VisibilityMask = Public
		$10.NamingStyle = PascalCase
		$10.IncludeInstanceMembers = True
		$10.IncludeStaticEntities = True
		$5.NamingRule = $12
		$12.Name = Event Arguments
		$12.RequiredSuffixes = $13
		$13.String = EventArgs
		$12.AffectedEntity = CustomEventArgs
		$12.VisibilityMask = Public
		$12.NamingStyle = PascalCase
		$12.IncludeInstanceMembers = True
		$12.IncludeStaticEntities = True
		$5.NamingRule = $14
		$14.Name = Exceptions
		$14.RequiredSuffixes = $15
		$15.String = Exception
		$14.AffectedEntity = CustomExceptions
		$14.VisibilityMask = VisibilityMask
		$14.NamingStyle = PascalCase
		$14.IncludeInstanceMembers = True
		$14.IncludeStaticEntities = True
		$5.NamingRule = $16
		$16.Name = Methods
		$16.AffectedEntity = Methods
		$16.VisibilityMask = Protected, Public
		$16.NamingStyle = PascalCase
		$16.IncludeInstanceMembers = True
		$16.IncludeStaticEntities = True
		$5.NamingRule = $17
		$17.Name = Static Readonly Fields
		$17.AffectedEntity = ReadonlyField
		$17.VisibilityMask = Protected, Public
		$17.NamingStyle = PascalCase
		$17.IncludeInstanceMembers = False
		$17.IncludeStaticEntities = True
		$5.NamingRule = $18
		$18.Name = Fields
		$18.AffectedEntity = Field
		$18.VisibilityMask = Protected, Public
		$18.NamingStyle = PascalCase
		$18.IncludeInstanceMembers = True
		$18.IncludeStaticEntities = True
		$5.NamingRule = $19
		$19.Name = ReadOnly Fields
		$19.AffectedEntity = ReadonlyField
		$19.VisibilityMask = Protected, Public
		$19.NamingStyle = PascalCase
		$19.IncludeInstanceMembers = True
		$19.IncludeStaticEntities = False
		$5.NamingRule = $20
		$20.Name = Constant Fields
		$20.AffectedEntity = ConstantField
		$20.VisibilityMask = Protected, Public
		$20.NamingStyle = PascalCase
		$20.IncludeInstanceMembers = True
		$20.IncludeStaticEntities = True
		$5.NamingRule = $21
		$21.Name = Properties
		$21.AffectedEntity = Property
		$21.VisibilityMask = Protected, Public
		$21.NamingStyle = PascalCase
		$21.IncludeInstanceMembers = True
		$21.IncludeStaticEntities = True
		$5.NamingRule = $22
		$22.Name = Events
		$22.AffectedEntity = Event
		$22.VisibilityMask = Protected, Public
		$22.NamingStyle = PascalCase
		$22.IncludeInstanceMembers = True
		$22.IncludeStaticEntities = True
		$5.NamingRule = $23
		$23.Name = Enum Members
		$23.AffectedEntity = EnumMember
		$23.VisibilityMask = VisibilityMask
		$23.NamingStyle = PascalCase
		$23.IncludeInstanceMembers = True
		$23.IncludeStaticEntities = True
		$5.NamingRule = $24
		$24.Name = Parameters
		$24.AffectedEntity = Parameter
		$24.VisibilityMask = VisibilityMask
		$24.NamingStyle = CamelCase
		$24.IncludeInstanceMembers = True
		$24.IncludeStaticEntities = True
		$5.NamingRule = $25
		$25.Name = Type Parameters
		$25.RequiredPrefixes = $26
		$26.String = T
		$25.AffectedEntity = TypeParameter
		$25.VisibilityMask = VisibilityMask
		$25.NamingStyle = PascalCase
		$25.IncludeInstanceMembers = True
		$25.IncludeStaticEntities = True
		$0.DotNetNamingPolicy = $27
		$27.DirectoryNamespaceAssociation = PrefixedHierarchical
		$27.ResourceNamePolicy = FileFormatDefault
		$0.TextStylePolicy = $28
		$28.inheritsSet = null
		$28.scope = text/x-csharp
		$0.CSharpFormattingPolicy = $29
		$29.AnonymousMethodBraceStyle = NextLine
		$29.PropertyBraceStyle = NextLine
		$29.PropertyGetBraceStyle = NextLine
		$29.PropertySetBraceStyle = NextLine
		$29.StatementBraceStyle = NextLine
		$29.ElseNewLinePlacement = NewLine
		$29.ElseIfNewLinePlacement = NewLine
		$29.CatchNewLinePlacement = NewLine
		$29.FinallyNewLinePlacement = NewLine
		$29.BeforeIndexerDeclarationBracket = False
		$29.AfterDelegateDeclarationParameterComma = True
		$29.SpacesAfterTypecast = True
		$29.inheritsSet = Mono
		$29.inheritsScope = text/x-csharp
		$29.scope = text/x-csharp
	EndGlobalSection
	GlobalSection(SolutionProperties) = preSolution
		HideSolutionNode = FALSE
	EndGlobalSection
EndGlobal
